<?xml version="1.0" encoding="UTF-8" standalone="yes" ?>
<CodeBlocks_project_file>
	<FileVersion major="1" minor="6" />
	<Project>
		<Option title="octaforge" />
		<Option default_target="client64" />
		<Option compiler="gcc" />
		<Build>
			<Target title="client64">
				<Option output="..\..\bin_win64\client_win_x64.exe" prefix_auto="0" extension_auto="0" />
				<Option working_dir="..\..\" />
				<Option object_output=".objs\client64" />
				<Option type="0" />
				<Option compiler="gcc" />
				<Compiler>
					<Add option="-std=c++11" />
					<Add option="-fomit-frame-pointer" />
					<Add option="-O2" />
					<Add option="-ffast-math" />
					<Add option="-Wall" />
					<Add option="-m64" />
					<Add option="-fsigned-char" />
					<Add option="-fno-exceptions" />
					<Add option="-fno-rtti" />
					<Add option="-DWIN32" />
					<Add option="-DWIN64" />
					<Add option="-DWINDOWS" />
					<Add option="-DNO_STDIO_REDIRECT" />
					<Add directory="..\ostd" />
					<Add directory="..\enet\include" />
					<Add directory="..\platform_windows\include" />
					<Add directory="..\octa\engine" />
					<Add directory="..\octa\shared" />
					<Add directory="..\vcpp" />
					<Add directory="..\octa\game" />
					<Add directory="..\octa\octaforge" />
				</Compiler>
				<ResourceCompiler>
					<Add directory="..\vcpp" />
				</ResourceCompiler>
				<Linker>
					<Add option="-s" />
					<Add option="-m64" />
					<Add option="-mwindows" />
					<Add option="-static-libgcc" />
					<Add option="-static-libstdc++" />
					<Add library="SDL2" />
					<Add library="SDL2_image" />
					<Add library="SDL2_mixer" />
					<Add library="zlib1" />
					<Add library="opengl32" />
					<Add library="ws2_32" />
					<Add library="winmm" />
					<Add library="lua51" />
					<Add directory="..\..\bin_win64" />
				</Linker>
				<Environment>
					<Variable name="WINDRES_TARGET" value="pe-x86-64" />
				</Environment>
			</Target>
			<Target title="client32">
				<Option output="..\..\bin_win32\client_win_x86.exe" prefix_auto="0" extension_auto="0" />
				<Option working_dir="..\..\" />
				<Option object_output=".objs\client32" />
				<Option type="0" />
				<Option compiler="gcc" />
				<Compiler>
					<Add option="-std=c++11" />
					<Add option="-fomit-frame-pointer" />
					<Add option="-O2" />
					<Add option="-ffast-math" />
					<Add option="-Wall" />
					<Add option="-m32" />
					<Add option="-fsigned-char" />
					<Add option="-fno-exceptions" />
					<Add option="-fno-rtti" />
					<Add option="-march=i686" />
					<Add option="-DWIN32" />
					<Add option="-DWINDOWS" />
					<Add option="-DNO_STDIO_REDIRECT" />
					<Add directory="..\ostd" />
					<Add directory="..\enet\include" />
					<Add directory="..\platform_windows\include" />
					<Add directory="..\octa\engine" />
					<Add directory="..\octa\shared" />
					<Add directory="..\vcpp" />
					<Add directory="..\octa\game" />
					<Add directory="..\octa\octaforge" />
				</Compiler>
				<ResourceCompiler>
					<Add directory="..\vcpp" />
				</ResourceCompiler>
				<Linker>
					<Add option="-s" />
					<Add option="-m32" />
					<Add option="-mwindows" />
					<Add option="-static-libgcc" />
					<Add option="-static-libstdc++" />
					<Add library="SDL2" />
					<Add library="SDL2_image" />
					<Add library="SDL2_mixer" />
					<Add library="zlib1" />
					<Add library="opengl32" />
					<Add library="ws2_32" />
					<Add library="winmm" />
					<Add library="lua51" />
					<Add directory="..\..\bin_win32" />
				</Linker>
				<Environment>
					<Variable name="WINDRES_TARGET" value="pe-i386" />
				</Environment>
			</Target>
		</Build>
		<VirtualTargets>
			<Add alias="All" targets="client32;client64;" />
		</VirtualTargets>
		<Unit filename="..\enet\callbacks.c" />
		<Unit filename="..\enet\compress.c" />
		<Unit filename="..\enet\host.c" />
		<Unit filename="..\enet\list.c" />
		<Unit filename="..\enet\packet.c" />
		<Unit filename="..\enet\peer.c" />
		<Unit filename="..\enet\protocol.c" />
		<Unit filename="..\enet\unix.c" />
		<Unit filename="..\enet\win32.c" />
		<Unit filename="..\enet\include\enet\callbacks.h" />
		<Unit filename="..\enet\include\enet\enet.h" />
		<Unit filename="..\enet\include\enet\list.h" />
		<Unit filename="..\enet\include\enet\protocol.h" />
		<Unit filename="..\enet\include\enet\time.h" />
		<Unit filename="..\enet\include\enet\types.h" />
		<Unit filename="..\enet\include\enet\unix.h" />
		<Unit filename="..\enet\include\enet\utility.h" />
		<Unit filename="..\enet\include\enet\win32.h" />
		<Unit filename="..\octa\engine\aa.cc" />
		<Unit filename="..\octa\engine\animmodel.hh" />
		<Unit filename="..\octa\engine\bih.cc" />
		<Unit filename="..\octa\engine\bih.hh" />
		<Unit filename="..\octa\engine\blend.cc" />
		<Unit filename="..\octa\engine\client.cc" />
		<Unit filename="..\octa\engine\command.cc" />
		<Unit filename="..\octa\engine\console.cc" />
		<Unit filename="..\octa\engine\dynlight.cc" />
		<Unit filename="..\octa\engine\engine.hh" />
		<Unit filename="..\octa\engine\explosion.hh" />
		<Unit filename="..\octa\engine\grass.cc" />
		<Unit filename="..\octa\engine\hitzone.hh" />
		<Unit filename="..\octa\engine\iqm.hh" />
		<Unit filename="..\octa\engine\lensflare.hh" />
		<Unit filename="..\octa\engine\light.cc" />
		<Unit filename="..\octa\engine\light.hh" />
		<Unit filename="..\octa\engine\lightning.hh" />
		<Unit filename="..\octa\engine\main.cc" />
		<Unit filename="..\octa\engine\material.cc" />
		<Unit filename="..\octa\engine\md3.hh" />
		<Unit filename="..\octa\engine\md5.hh" />
		<Unit filename="..\octa\engine\model.hh" />
		<Unit filename="..\octa\engine\movie.cc" />
		<Unit filename="..\octa\engine\mpr.hh" />
		<Unit filename="..\octa\engine\normal.cc" />
		<Unit filename="..\octa\engine\obj.hh" />
		<Unit filename="..\octa\engine\octa.cc" />
		<Unit filename="..\octa\engine\octa.hh" />
		<Unit filename="..\octa\engine\octaedit.cc" />
		<Unit filename="..\octa\engine\octarender.cc" />
		<Unit filename="..\octa\engine\physics.cc" />
		<Unit filename="..\octa\engine\pvs.cc" />
		<Unit filename="..\octa\engine\ragdoll.hh" />
		<Unit filename="..\octa\engine\rendergl.cc" />
		<Unit filename="..\octa\engine\renderlights.cc" />
		<Unit filename="..\octa\engine\rendermodel.cc" />
		<Unit filename="..\octa\engine\renderparticles.cc" />
		<Unit filename="..\octa\engine\rendersky.cc" />
		<Unit filename="..\octa\engine\rendertext.cc" />
		<Unit filename="..\octa\engine\renderva.cc" />
		<Unit filename="..\octa\engine\server.cc" />
		<Unit filename="..\octa\engine\serverbrowser.cc" />
		<Unit filename="..\octa\engine\shader.cc" />
		<Unit filename="..\octa\engine\skelmodel.hh" />
		<Unit filename="..\octa\engine\smd.hh" />
		<Unit filename="..\octa\engine\sound.cc" />
		<Unit filename="..\octa\engine\stain.cc" />
		<Unit filename="..\octa\engine\texture.cc" />
		<Unit filename="..\octa\engine\texture.hh" />
		<Unit filename="..\octa\engine\vertmodel.hh" />
		<Unit filename="..\octa\engine\water.cc" />
		<Unit filename="..\octa\engine\world.cc" />
		<Unit filename="..\octa\engine\world.hh" />
		<Unit filename="..\octa\engine\worldio.cc" />
		<Unit filename="..\octa\game\client.cc" />
		<Unit filename="..\octa\game\entities.cc" />
		<Unit filename="..\octa\game\game.cc" />
		<Unit filename="..\octa\game\game.hh" />
		<Unit filename="..\octa\game\render.cc" />
		<Unit filename="..\octa\game\server.cc" />
		<Unit filename="..\platform_windows\include\GL\glext.h" />
		<Unit filename="..\platform_windows\include\SDL.h" />
		<Unit filename="..\platform_windows\include\SDL_assert.h" />
		<Unit filename="..\platform_windows\include\SDL_atomic.h" />
		<Unit filename="..\platform_windows\include\SDL_audio.h" />
		<Unit filename="..\platform_windows\include\SDL_bits.h" />
		<Unit filename="..\platform_windows\include\SDL_blendmode.h" />
		<Unit filename="..\platform_windows\include\SDL_clipboard.h" />
		<Unit filename="..\platform_windows\include\SDL_config.h" />
		<Unit filename="..\platform_windows\include\SDL_config_macosx.h" />
		<Unit filename="..\platform_windows\include\SDL_config_windows.h" />
		<Unit filename="..\platform_windows\include\SDL_copying.h" />
		<Unit filename="..\platform_windows\include\SDL_cpuinfo.h" />
		<Unit filename="..\platform_windows\include\SDL_endian.h" />
		<Unit filename="..\platform_windows\include\SDL_error.h" />
		<Unit filename="..\platform_windows\include\SDL_events.h" />
		<Unit filename="..\platform_windows\include\SDL_filesystem.h" />
		<Unit filename="..\platform_windows\include\SDL_gamecontroller.h" />
		<Unit filename="..\platform_windows\include\SDL_gesture.h" />
		<Unit filename="..\platform_windows\include\SDL_haptic.h" />
		<Unit filename="..\platform_windows\include\SDL_hints.h" />
		<Unit filename="..\platform_windows\include\SDL_image.h" />
		<Unit filename="..\platform_windows\include\SDL_joystick.h" />
		<Unit filename="..\platform_windows\include\SDL_keyboard.h" />
		<Unit filename="..\platform_windows\include\SDL_keycode.h" />
		<Unit filename="..\platform_windows\include\SDL_loadso.h" />
		<Unit filename="..\platform_windows\include\SDL_log.h" />
		<Unit filename="..\platform_windows\include\SDL_main.h" />
		<Unit filename="..\platform_windows\include\SDL_messagebox.h" />
		<Unit filename="..\platform_windows\include\SDL_mixer.h" />
		<Unit filename="..\platform_windows\include\SDL_mouse.h" />
		<Unit filename="..\platform_windows\include\SDL_mutex.h" />
		<Unit filename="..\platform_windows\include\SDL_name.h" />
		<Unit filename="..\platform_windows\include\SDL_opengl.h" />
		<Unit filename="..\platform_windows\include\SDL_opengles.h" />
		<Unit filename="..\platform_windows\include\SDL_opengles2.h" />
		<Unit filename="..\platform_windows\include\SDL_pixels.h" />
		<Unit filename="..\platform_windows\include\SDL_platform.h" />
		<Unit filename="..\platform_windows\include\SDL_power.h" />
		<Unit filename="..\platform_windows\include\SDL_quit.h" />
		<Unit filename="..\platform_windows\include\SDL_rect.h" />
		<Unit filename="..\platform_windows\include\SDL_render.h" />
		<Unit filename="..\platform_windows\include\SDL_revision.h" />
		<Unit filename="..\platform_windows\include\SDL_rwops.h" />
		<Unit filename="..\platform_windows\include\SDL_scancode.h" />
		<Unit filename="..\platform_windows\include\SDL_shape.h" />
		<Unit filename="..\platform_windows\include\SDL_stdinc.h" />
		<Unit filename="..\platform_windows\include\SDL_surface.h" />
		<Unit filename="..\platform_windows\include\SDL_system.h" />
		<Unit filename="..\platform_windows\include\SDL_syswm.h" />
		<Unit filename="..\platform_windows\include\SDL_thread.h" />
		<Unit filename="..\platform_windows\include\SDL_timer.h" />
		<Unit filename="..\platform_windows\include\SDL_touch.h" />
		<Unit filename="..\platform_windows\include\SDL_types.h" />
		<Unit filename="..\platform_windows\include\SDL_version.h" />
		<Unit filename="..\platform_windows\include\SDL_video.h" />
		<Unit filename="..\platform_windows\include\begin_code.h" />
		<Unit filename="..\platform_windows\include\close_code.h" />
		<Unit filename="..\platform_windows\include\lauxlib.h" />
		<Unit filename="..\platform_windows\include\lua.h" />
		<Unit filename="..\platform_windows\include\luaconf.h" />
		<Unit filename="..\platform_windows\include\luajit.h" />
		<Unit filename="..\platform_windows\include\lualib.h" />
		<Unit filename="..\platform_windows\include\zconf.h" />
		<Unit filename="..\platform_windows\include\zlib.h" />
		<Unit filename="..\octa\octaforge\of_logger.cc" />
		<Unit filename="..\octa\octaforge\of_logger.hh" />
		<Unit filename="..\octa\octaforge\of_lua.cc" />
		<Unit filename="..\octa\octaforge\of_lua.hh" />
		<Unit filename="..\octa\shared\command.hh" />
		<Unit filename="..\octa\shared\crypto.cc" />
		<Unit filename="..\octa\shared\cube.hh" />
		<Unit filename="..\octa\shared\ents.hh" />
		<Unit filename="..\octa\shared\geom.cc" />
		<Unit filename="..\octa\shared\geom.hh" />
		<Unit filename="..\octa\shared\glemu.cc" />
		<Unit filename="..\octa\shared\glemu.hh" />
		<Unit filename="..\octa\shared\glexts.hh" />
		<Unit filename="..\octa\shared\iengine.hh" />
		<Unit filename="..\octa\shared\igame.hh" />
		<Unit filename="..\octa\shared\stream.cc" />
		<Unit filename="..\octa\shared\tools.cc" />
		<Unit filename="..\octa\shared\tools.hh" />
		<Unit filename="..\octa\shared\zip.cc" />
		<Unit filename="..\ostd\ostd\algorithm.hh" />
		<Unit filename="..\ostd\ostd\array.hh" />
		<Unit filename="..\ostd\ostd\atomic.hh" />
		<Unit filename="..\ostd\ostd\format.hh" />
		<Unit filename="..\ostd\ostd\functional.hh" />
		<Unit filename="..\ostd\ostd\initializer_list.hh" />
		<Unit filename="..\ostd\ostd\internal\hashtable.hh" />
		<Unit filename="..\ostd\ostd\internal\tuple.hh" />
		<Unit filename="..\ostd\ostd\io.hh" />
		<Unit filename="..\ostd\ostd\map.hh" />
		<Unit filename="..\ostd\ostd\maybe.hh" />
		<Unit filename="..\ostd\ostd\memory.hh" />
		<Unit filename="..\ostd\ostd\new.hh" />
		<Unit filename="..\ostd\ostd\platform.hh" />
		<Unit filename="..\ostd\ostd\range.hh" />
		<Unit filename="..\ostd\ostd\set.hh" />
		<Unit filename="..\ostd\ostd\stream.hh" />
		<Unit filename="..\ostd\ostd\string.hh" />
		<Unit filename="..\ostd\ostd\tuple.hh" />
		<Unit filename="..\ostd\ostd\type_traits.hh" />
		<Unit filename="..\ostd\ostd\types.hh" />
		<Unit filename="..\ostd\ostd\utility.hh" />
		<Unit filename="..\ostd\ostd\vector.hh" />
		<Unit filename="..\ostd\src\new.cc" />
		<Unit filename="mingw.rc">
			<Option compilerVar="WINDRES" />
			<Option compiler="gcc" use="1" buildCommand="$rescomp -F $WINDRES_TARGET -i $file -J rc -o $resource_output -O coff $res_includes" />
		</Unit>
		<Extensions>
			<code_completion />
			<envvars />
			<debugger />
		</Extensions>
	</Project>
</CodeBlocks_project_file>
